// !$*UTF8*$!
{
	archiveVersion = 1;
	classes = {
	};
	objectVersion = 46;
	objects = {

/* Begin PBXBuildFile section */
		85D458711BAE5276002FF420 /* AppDelegate.swift in Sources */ = {isa = PBXBuildFile; fileRef = 85D458701BAE5276002FF420 /* AppDelegate.swift */; };
		85D458731BAE5276002FF420 /* ViewController.swift in Sources */ = {isa = PBXBuildFile; fileRef = 85D458721BAE5276002FF420 /* ViewController.swift */; };
		85D458761BAE5276002FF420 /* Main.storyboard in Resources */ = {isa = PBXBuildFile; fileRef = 85D458741BAE5276002FF420 /* Main.storyboard */; };
		85D458781BAE5276002FF420 /* Images.xcassets in Resources */ = {isa = PBXBuildFile; fileRef = 85D458771BAE5276002FF420 /* Images.xcassets */; };
		85D4587B1BAE5276002FF420 /* LaunchScreen.xib in Resources */ = {isa = PBXBuildFile; fileRef = 85D458791BAE5276002FF420 /* LaunchScreen.xib */; };
		85D458871BAE5276002FF420 /* CalculatorTests.swift in Sources */ = {isa = PBXBuildFile; fileRef = 85D458861BAE5276002FF420 /* CalculatorTests.swift */; };
/* End PBXBuildFile section */

/* Begin PBXContainerItemProxy section */
		85D458811BAE5276002FF420 /* PBXContainerItemProxy */ = {
			isa = PBXContainerItemProxy;
			containerPortal = 85D458631BAE5276002FF420 /* Project object */;
			proxyType = 1;
			remoteGlobalIDString = 85D4586A1BAE5276002FF420;
			remoteInfo = Calculator;
		};
/* End PBXContainerItemProxy section */

/* Begin PBXFileReference section */
		85D4586B1BAE5276002FF420 /* Calculator.app */ = {isa = PBXFileReference; explicitFileType = wrapper.application; includeInIndex = 0; path = Calculator.app; sourceTree = BUILT_PRODUCTS_DIR; };
		85D4586F1BAE5276002FF420 /* Info.plist */ = {isa = PBXFileReference; lastKnownFileType = text.plist.xml; path = Info.plist; sourceTree = "<group>"; };
		85D458701BAE5276002FF420 /* AppDelegate.swift */ = {isa = PBXFileReference; lastKnownFileType = sourcecode.swift; path = AppDelegate.swift; sourceTree = "<group>"; };
		85D458721BAE5276002FF420 /* ViewController.swift */ = {isa = PBXFileReference; lastKnownFileType = sourcecode.swift; path = ViewController.swift; sourceTree = "<group>"; };
		85D458751BAE5276002FF420 /* Base */ = {isa = PBXFileReference; lastKnownFileType = file.storyboard; name = Base; path = Base.lproj/Main.storyboard; sourceTree = "<group>"; };
		85D458771BAE5276002FF420 /* Images.xcassets */ = {isa = PBXFileReference; lastKnownFileType = folder.assetcatalog; path = Images.xcassets; sourceTree = "<group>"; };
		85D4587A1BAE5276002FF420 /* Base */ = {isa = PBXFileReference; lastKnownFileType = file.xib; name = Base; path = Base.lproj/LaunchScreen.xib; sourceTree = "<group>"; };
		85D458801BAE5276002FF420 /* CalculatorTests.xctest */ = {isa = PBXFileReference; explicitFileType = wrapper.cfbundle; includeInIndex = 0; path = CalculatorTests.xctest; sourceTree = BUILT_PRODUCTS_DIR; };
		85D458851BAE5276002FF420 /* Info.plist */ = {isa = PBXFileReference; lastKnownFileType = text.plist.xml; path = Info.plist; sourceTree = "<group>"; };
		85D458861BAE5276002FF420 /* CalculatorTests.swift */ = {isa = PBXFileReference; lastKnownFileType = sourcecode.swift; path = CalculatorTests.swift; sourceTree = "<group>"; };
/* End PBXFileReference section */

/* Begin PBXFrameworksBuildPhase section */
		85D458681BAE5276002FF420 /* Frameworks */ = {
			isa = PBXFrameworksBuildPhase;
			buildActionMask = 2147483647;
			files = (
			);
			runOnlyForDeploymentPostprocessing = 0;
		};
		85D4587D1BAE5276002FF420 /* Frameworks */ = {
			isa = PBXFrameworksBuildPhase;
			buildActionMask = 2147483647;
			files = (
			);
			runOnlyForDeploymentPostprocessing = 0;
		};
/* End PBXFrameworksBuildPhase section */

/* Begin PBXGroup section */
		85D458621BAE5276002FF420 = {
			isa = PBXGroup;
			children = (
				85D4586D1BAE5276002FF420 /* Calculator */,
				85D458831BAE5276002FF420 /* CalculatorTests */,
				85D4586C1BAE5276002FF420 /* Products */,
			);
			sourceTree = "<group>";
		};
		85D4586C1BAE5276002FF420 /* Products */ = {
			isa = PBXGroup;
			children = (
				85D4586B1BAE5276002FF420 /* Calculator.app */,
				85D458801BAE5276002FF420 /* CalculatorTests.xctest */,
			);
			name = Products;
			sourceTree = "<group>";
		};
		85D4586D1BAE5276002FF420 /* Calculator */ = {
			isa = PBXGroup;
			children = (
				85D458721BAE5276002FF420 /* ViewController.swift */,
				85D458741BAE5276002FF420 /* Main.storyboard */,
				85D4586E1BAE5276002FF420 /* Supporting Files */,
			);
			path = Calculator;
			sourceTree = "<group>";
		};
		85D4586E1BAE5276002FF420 /* Supporting Files */ = {
			isa = PBXGroup;
			children = (
				85D458701BAE5276002FF420 /* AppDelegate.swift */,
				85D458791BAE5276002FF420 /* LaunchScreen.xib */,
				85D458771BAE5276002FF420 /* Images.xcassets */,
				85D4586F1BAE5276002FF420 /* Info.plist */,
			);
			name = "Supporting Files";
			sourceTree = "<group>";
		};
		85D458831BAE5276002FF420 /* CalculatorTests */ = {
			isa = PBXGroup;
			children = (
				85D458861BAE5276002FF420 /* CalculatorTests.swift */,
				85D458841BAE5276002FF420 /* Supporting Files */,
			);
			path = CalculatorTests;
			sourceTree = "<group>";
		};
		85D458841BAE5276002FF420 /* Supporting Files */ = {
			isa = PBXGroup;
			children = (
				85D458851BAE5276002FF420 /* Info.plist */,
			);
			name = "Supporting Files";
			sourceTree = "<group>";
		};
/* End PBXGroup section */

/* Begin PBXNativeTarget section */
		85D4586A1BAE5276002FF420 /* Calculator */ = {
			isa = PBXNativeTarget;
			buildConfigurationList = 85D4588A1BAE5276002FF420 /* Build configuration list for PBXNativeTarget "Calculator" */;
			buildPhases = (
				85D458671BAE5276002FF420 /* Sources */,
				85D458681BAE5276002FF420 /* Frameworks */,
				85D458691BAE5276002FF420 /* Resources */,
			);
			buildRules = (
			);
			dependencies = (
			);
			name = Calculator;
			productName = Calculator;
			productReference = 85D4586B1BAE5276002FF420 /* Calculator.app */;
			productType = "com.apple.product-type.application";
		};
		85D4587F1BAE5276002FF420 /* CalculatorTests */ = {
			isa = PBXNativeTarget;
			buildConfigurationList = 85D4588D1BAE5276002FF420 /* Build configuration list for PBXNativeTarget "CalculatorTests" */;
			buildPhases = (
				85D4587C1BAE5276002FF420 /* Sources */,
				85D4587D1BAE5276002FF420 /* Frameworks */,
				85D4587E1BAE5276002FF420 /* Resources */,
			);
			buildRules = (
			);
			dependencies = (
				85D458821BAE5276002FF420 /* PBXTargetDependency */,
			);
			name = CalculatorTests;
			productName = CalculatorTests;
			productReference = 85D458801BAE5276002FF420 /* CalculatorTests.xctest */;
			productType = "com.apple.product-type.bundle.unit-test";
		};
/* End PBXNativeTarget section */

/* Begin PBXProject section */
		85D458631BAE5276002FF420 /* Project object */ = {
			isa = PBXProject;
			attributes = {
				LastUpgradeCheck = 0640;
				ORGANIZATIONNAME = "Zhu Jicheng";
				TargetAttributes = {
					85D4586A1BAE5276002FF420 = {
						CreatedOnToolsVersion = 6.4;
					};
					85D4587F1BAE5276002FF420 = {
						CreatedOnToolsVersion = 6.4;
						TestTargetID = 85D4586A1BAE5276002FF420;
					};
				};
			};
			buildConfigurationList = 85D458661BAE5276002FF420 /* Build configuration list for PBXProject "Calculator" */;
			compatibilityVersion = "Xcode 3.2";
			developmentRegion = English;
			hasScannedForEncodings = 0;
			knownRegions = (
				en,
				Base,
			);
			mainGroup = 85D458621BAE5276002FF420;
			productRefGroup = 85D4586C1BAE5276002FF420 /* Products */;
			projectDirPath = "";
			projectRoot = "";
			targets = (
				85D4586A1BAE5276002FF420 /* Calculator */,
				85D4587F1BAE5276002FF420 /* CalculatorTests */,
			);
		};
/* End PBXProject section */

/* Begin PBXResourcesBuildPhase section */
		85D458691BAE5276002FF420 /* Resources */ = {
			isa = PBXResourcesBuildPhase;
			buildActionMask = 2147483647;
			files = (
				85D458761BAE5276002FF420 /* Main.storyboard in Resources */,
				85D4587B1BAE5276002FF420 /* LaunchScreen.xib in Resources */,
				85D458781BAE5276002FF420 /* Images.xcassets in Resources */,
			);
			runOnlyForDeploymentPostprocessing = 0;
		};
		85D4587E1BAE5276002FF420 /* Resources */ = {
			isa = PBXResourcesBuildPhase;
			buildActionMask = 2147483647;
			files = (
			);
			runOnlyForDeploymentPostprocessing = 0;
		};
/* End PBXResourcesBuildPhase section */

/* Begin PBXSourcesBuildPhase section */
		85D458671BAE5276002FF420 /* Sources */ = {
			isa = PBXSourcesBuildPhase;
			buildActionMask = 2147483647;
			files = (
				85D458731BAE5276002FF420 /* ViewController.swift in Sources */,
				85D458711BAE5276002FF420 /* AppDelegate.swift in Sources */,
			);
			runOnlyForDeploymentPostprocessing = 0;
		};
		85D4587C1BAE5276002FF420 /* Sources */ = {
			isa = PBXSourcesBuildPhase;
			buildActionMask = 2147483647;
			files = (
				85D458871BAE5276002FF420 /* CalculatorTests.swift in Sources */,
			);
			runOnlyForDeploymentPostprocessing = 0;
		};
/* End PBXSourcesBuildPhase section */

/* Begin PBXTargetDependency section */
		85D458821BAE5276002FF420 /* PBXTargetDependency */ = {
			isa = PBXTargetDependency;
			target = 85D4586A1BAE5276002FF420 /* Calculator */;
			targetProxy = 85D458811BAE5276002FF420 /* PBXContainerItemProxy */;
		};
/* End PBXTargetDependency section */

/* Begin PBXVariantGroup section */
		85D458741BAE5276002FF420 /* Main.storyboard */ = {
			isa = PBXVariantGroup;
			children = (
				85D458751BAE5276002FF420 /* Base */,
			);
			name = Main.storyboard;
			sourceTree = "<group>";
		};
		85D458791BAE5276002FF420 /* LaunchScreen.xib */ = {
			isa = PBXVariantGroup;
			children = (
				85D4587A1BAE5276002FF420 /* Base */,
			);
			name = LaunchScreen.xib;
			sourceTree = "<group>";
		};
/* End PBXVariantGroup section */

/* Begin XCBuildConfiguration section */
		85D458881BAE5276002FF420 /* Debug */ = {
			isa = XCBuildConfiguration;
			buildSettings = {
				ALWAYS_SEARCH_USER_PATHS = NO;
				CLANG_CXX_LANGUAGE_STANDARD = "gnu++0x";
				CLANG_CXX_LIBRARY = "libc++";
				CLANG_ENABLE_MODULES = YES;
				CLANG_ENABLE_OBJC_ARC = YES;
				CLANG_WARN_BOOL_CONVERSION = YES;
				CLANG_WARN_CONSTANT_CONVERSION = YES;
				CLANG_WARN_DIRECT_OBJC_ISA_USAGE = YES_ERROR;
				CLANG_WARN_EMPTY_BODY = YES;
				CLANG_WARN_ENUM_CONVERSION = YES;
				CLANG_WARN_INT_CONVERSION = YES;
				CLANG_WARN_OBJC_ROOT_CLASS = YES_ERROR;
				CLANG_WARN_UNREACHABLE_CODE = YES;
				CLANG_WARN__DUPLICATE_METHOD_MATCH = YES;
				"CODE_SIGN_IDENTITY[sdk=iphoneos*]" = "iPhone Developer";
				COPY_PHASE_STRIP = NO;
				DEBUG_INFORMATION_FORMAT = "dwarf-with-dsym";
				ENABLE_STRICT_OBJC_MSGSEND = YES;
				GCC_C_LANGUAGE_STANDARD = gnu99;
				GCC_DYNAMIC_NO_PIC = NO;
				GCC_NO_COMMON_BLOCKS = YES;
				GCC_OPTIMIZATION_LEVEL = 0;
				GCC_PREPROCESSOR_DEFINITIONS = (
					"DEBUG=1",
					"$(inherited)",
				);
				GCC_SYMBOLS_PRIVATE_EXTERN = NO;
				GCC_WARN_64_TO_32_BIT_CONVERSION = YES;
				GCC_WARN_ABOUT_RETURN_TYPE = YES_ERROR;
				GCC_WARN_UNDECLARED_SELECTOR = YES;
				GCC_WARN_UNINITIALIZED_AUTOS = YES_AGGRESSIVE;
				GCC_WARN_UNUSED_FUNCTION = YES;
				GCC_WARN_UNUSED_VARIABLE = YES;
				IPHONEOS_DEPLOYMENT_TARGET = 8.4;
				MTL_ENABLE_DEBUG_INFO = YES;
				ONLY_ACTIVE_ARCH = YES;
				SDKROOT = iphoneos;
				SWIFT_OPTIMIZATION_LEVEL = "-Onone";
				TARGETED_DEVICE_FAMILY = "1,2";
			};
			name = Debug;
		};
		85D458891BAE5276002FF420 /* Release */ = {
			isa = XCBuildConfiguration;
			buildSettings = {
				ALWAYS_SEARCH_USER_PATHS = NO;
				CLANG_CXX_LANGUAGE_STANDARD = "gnu++0x";
				CLANG_CXX_LIBRARY = "libc++";
				CLANG_ENABLE_MODULES = YES;
				CLANG_ENABLE_OBJC_ARC = YES;
				CLANG_WARN_BOOL_CONVERSION = YES;
				CLANG_WARN_CONSTANT_CONVERSION = YES;
				CLANG_WARN_DIRECT_OBJC_ISA_USAGE = YES_ERROR;
				CLANG_WARN_EMPTY_BODY = YES;
				CLANG_WARN_ENUM_CONVERSION = YES;
				CLANG_WARN_INT_CONVERSION = YES;
				CLANG_WARN_OBJC_ROOT_CLASS = YES_ERROR;
				CLANG_WARN_UNREACHABLE_CODE = YES;
				CLANG_WARN__DUPLICATE_METHOD_MATCH = YES;
				"CODE_SIGN_IDENTITY[sdk=iphoneos*]" = "iPhone Developer";
				COPY_PHASE_STRIP = NO;
				DEBUG_INFORMATION_FORMAT = "dwarf-with-dsym";
				ENABLE_NS_ASSERTIONS = NO;
				ENABLE_STRICT_OBJC_MSGSEND = YES;
				GCC_C_LANGUAGE_STANDARD = gnu99;
				GCC_NO_COMMON_BLOCKS = YES;
				GCC_WARN_64_TO_32_BIT_CONVERSION = YES;
				GCC_WARN_ABOUT_RETURN_TYPE = YES_ERROR;
				GCC_WARN_UNDECLARED_SELECTOR = YES;
				GCC_WARN_UNINITIALIZED_AUTOS = YES_AGGRESSIVE;
				GCC_WARN_UNUSED_FUNCTION = YES;
				GCC_WARN_UNUSED_VARIABLE = YES;
				IPHONEOS_DEPLOYMENT_TARGET = 8.4;
				MTL_ENABLE_DEBUG_INFO = NO;
				SDKROOT = iphoneos;
				TARGETED_DEVICE_FAMILY = "1,2";
				VALIDATE_PRODUCT = YES;
			};
			name = Release;
		};
		85D4588B1BAE5276002FF420 /* Debug */ = {
			isa = XCBuildConfiguration;
			buildSettings = {
				ASSETCATALOG_COMPILER_APPICON_NAME = AppIcon;
				INFOPLIST_FILE = Calculator/Info.plist;
				LD_RUNPATH_SEARCH_PATHS = "$(inherited) @executable_path/Frameworks";
				PRODUCT_NAME = "$(TARGET_NAME)";
			};
			name = Debug;
		};
		85D4588C1BAE5276002FF420 /* Release */ = {
			isa = XCBuildConfiguration;
			buildSettings = {
				ASSETCATALOG_COMPILER_APPICON_NAME = AppIcon;
				INFOPLIST_FILE = Calculator/Info.plist;
				LD_RUNPATH_SEARCH_PATHS = "$(inherited) @executable_path/Frameworks";
				PRODUCT_NAME = "$(TARGET_NAME)";
			};
			name = Release;
		};
		85D4588E1BAE5276002FF420 /* Debug */ = {
			isa = XCBuildConfiguration;
			buildSettings = {
				BUNDLE_LOADER = "$(TEST_HOST)";
				FRAMEWORK_SEARCH_PATHS = (
					"$(SDKROOT)/Developer/Library/Frameworks",
					"$(inherited)",
				);
				GCC_PREPROCESSOR_DEFINITIONS = (
					"DEBUG=1",
					"$(inherited)",
				);
				INFOPLIST_FILE = CalculatorTests/Info.plist;
				LD_RUNPATH_SEARCH_PATHS = "$(inherited) @executable_path/Frameworks @loader_path/Frameworks";
				PRODUCT_NAME = "$(TARGET_NAME)";
				TEST_HOST = "$(BUILT_PRODUCTS_DIR)/Calculator.app/Calculator";
			};
			name = Debug;
		};
		85D4588F1BAE5276002FF420 /* Release */ = {
			isa = XCBuildConfiguration;
			buildSettings = {
				BUNDLE_LOADER = "$(TEST_HOST)";
				FRAMEWORK_SEARCH_PATHS = (
					"$(SDKROOT)/Developer/Library/Frameworks",
					"$(inherited)",
				);
				INFOPLIST_FILE = CalculatorTests/Info.plist;
				LD_RUNPATH_SEARCH_PATHS = "$(inherited) @executable_path/Frameworks @loader_path/Frameworks";
				PRODUCT_NAME = "$(TARGET_NAME)";
				TEST_HOST = "$(BUILT_PRODUCTS_DIR)/Calculator.app/Calculator";
			};
			name = Release;
		};
/* End XCBuildConfiguration section */

/* Begin XCConfigurationList section */
		85D458661BAE5276002FF420 /* Build configuration list for PBXProject "Calculator" */ = {
			isa = XCConfigurationList;
			buildConfigurations = (
				85D458881BAE5276002FF420 /* Debug */,
				85D458891BAE5276002FF420 /* Release */,
			);
			defaultConfigurationIsVisible = 0;
			defaultConfigurationName = Release;
		};
		85D4588A1BAE5276002FF420 /* Build configuration list for PBXNativeTarget "Calculator" */ = {
			isa = XCConfigurationList;
			buildConfigurations = (
				85D4588B1BAE5276002FF420 /* Debug */,
				85D4588C1BAE5276002FF420 /* Release */,
			);
			defaultConfigurationIsVisible = 0;
		};
		85D4588D1BAE5276002FF420 /* Build configuration list for PBXNativeTarget "CalculatorTests" */ = {
			isa = XCConfigurationList;
			buildConfigurations = (
				85D4588E1BAE5276002FF420 /* Debug */,
				85D4588F1BAE5276002FF420 /* Release */,
			);
			defaultConfigurationIsVisible = 0;
		};
/* End XCConfigurationList section */
	};
	rootObject = 85D458631BAE5276002FF420 /* Project object */;
}
